
Microsoft Visual Studio Solution File, Format Version 12.00
# Visual Studio Version 16
VisualStudioVersion = 16.0.31112.23
MinimumVisualStudioVersion = 10.0.40219.1
Project("{FAE04EC0-301F-11D3-BF4B-00C04F79EFBC}") = "Async", "Async\Async\Async.csproj", "{BFDAD8FE-4130-4D5D-82AC-AAAC0D497D69}"
EndProject
Project("{FAE04EC0-301F-11D3-BF4B-00C04F79EFBC}") = "TPL", "TPL\TPL.csproj", "{AA1C6637-45A4-44BF-B37F-86BF7DFA2C36}"
EndProject
Project("{FAE04EC0-301F-11D3-BF4B-00C04F79EFBC}") = "DoubleToIntTest", "DoubleToIntTest\DoubleToIntTest.csproj", "{145F0419-9B11-4E66-BD96-39A17D2D6C42}"
EndProject
Project("{FAE04EC0-301F-11D3-BF4B-00C04F79EFBC}") = "ForCycleTest", "ForCycleTest\ForCycleTest.csproj", "{B4240C71-9348-464A-99FA-81049871AF59}"
EndProject
Project("{FAE04EC0-301F-11D3-BF4B-00C04F79EFBC}") = "PropertiesTest", "PropertiesTest\PropertiesTest.csproj", "{D16F6108-0867-4B89-A7F9-768F68113A92}"
EndProject
Project("{FAE04EC0-301F-11D3-BF4B-00C04F79EFBC}") = "AutofacTest", "Autofac\AutofacTest.csproj", "{C9DF9A6E-9E7E-4339-888E-CB432C585843}"
EndProject
Project("{FAE04EC0-301F-11D3-BF4B-00C04F79EFBC}") = "CollectionTest", "CollectionTest\CollectionTest.csproj", "{D3C665FA-A685-49EB-827F-A40F73DFFD43}"
EndProject
Project("{FAE04EC0-301F-11D3-BF4B-00C04F79EFBC}") = "Benchmark", "Benchmark\Benchmark.csproj", "{38C0D7AC-EE96-427A-A23A-D7850761F48A}"
EndProject
Project("{FAE04EC0-301F-11D3-BF4B-00C04F79EFBC}") = "MathTest", "MathTest\MathTest.csproj", "{2C78B8CA-95C7-4DFE-8473-C393EDB66200}"
EndProject
Project("{FAE04EC0-301F-11D3-BF4B-00C04F79EFBC}") = "DistanceBetweenSegments", "DistanceBetweenSegments\DistanceBetweenSegments.csproj", "{34AAC8CF-5DD4-433B-BE6D-AB89466CB599}"
EndProject
Project("{FAE04EC0-301F-11D3-BF4B-00C04F79EFBC}") = "UnitTest", "UnitTest\UnitTest.csproj", "{A51482D2-ADBB-438D-BCDD-E9DBA123D6AA}"
EndProject
Global
	GlobalSection(SolutionConfigurationPlatforms) = preSolution
		Debug|Any CPU = Debug|Any CPU
		Release|Any CPU = Release|Any CPU
	EndGlobalSection
	GlobalSection(ProjectConfigurationPlatforms) = postSolution
		{BFDAD8FE-4130-4D5D-82AC-AAAC0D497D69}.Debug|Any CPU.ActiveCfg = Debug|Any CPU
		{BFDAD8FE-4130-4D5D-82AC-AAAC0D497D69}.Debug|Any CPU.Build.0 = Debug|Any CPU
		{BFDAD8FE-4130-4D5D-82AC-AAAC0D497D69}.Release|Any CPU.ActiveCfg = Release|Any CPU
		{BFDAD8FE-4130-4D5D-82AC-AAAC0D497D69}.Release|Any CPU.Build.0 = Release|Any CPU
		{AA1C6637-45A4-44BF-B37F-86BF7DFA2C36}.Debug|Any CPU.ActiveCfg = Debug|Any CPU
		{AA1C6637-45A4-44BF-B37F-86BF7DFA2C36}.Debug|Any CPU.Build.0 = Debug|Any CPU
		{AA1C6637-45A4-44BF-B37F-86BF7DFA2C36}.Release|Any CPU.ActiveCfg = Release|Any CPU
		{AA1C6637-45A4-44BF-B37F-86BF7DFA2C36}.Release|Any CPU.Build.0 = Release|Any CPU
		{145F0419-9B11-4E66-BD96-39A17D2D6C42}.Debug|Any CPU.ActiveCfg = Debug|Any CPU
		{145F0419-9B11-4E66-BD96-39A17D2D6C42}.Debug|Any CPU.Build.0 = Debug|Any CPU
		{145F0419-9B11-4E66-BD96-39A17D2D6C42}.Release|Any CPU.ActiveCfg = Release|Any CPU
		{145F0419-9B11-4E66-BD96-39A17D2D6C42}.Release|Any CPU.Build.0 = Release|Any CPU
		{B4240C71-9348-464A-99FA-81049871AF59}.Debug|Any CPU.ActiveCfg = Debug|Any CPU
		{B4240C71-9348-464A-99FA-81049871AF59}.Debug|Any CPU.Build.0 = Debug|Any CPU
		{B4240C71-9348-464A-99FA-81049871AF59}.Release|Any CPU.ActiveCfg = Release|Any CPU
		{B4240C71-9348-464A-99FA-81049871AF59}.Release|Any CPU.Build.0 = Release|Any CPU
		{D16F6108-0867-4B89-A7F9-768F68113A92}.Debug|Any CPU.ActiveCfg = Debug|Any CPU
		{D16F6108-0867-4B89-A7F9-768F68113A92}.Debug|Any CPU.Build.0 = Debug|Any CPU
		{D16F6108-0867-4B89-A7F9-768F68113A92}.Release|Any CPU.ActiveCfg = Release|Any CPU
		{D16F6108-0867-4B89-A7F9-768F68113A92}.Release|Any CPU.Build.0 = Release|Any CPU
		{C9DF9A6E-9E7E-4339-888E-CB432C585843}.Debug|Any CPU.ActiveCfg = Debug|Any CPU
		{C9DF9A6E-9E7E-4339-888E-CB432C585843}.Debug|Any CPU.Build.0 = Debug|Any CPU
		{C9DF9A6E-9E7E-4339-888E-CB432C585843}.Release|Any CPU.ActiveCfg = Release|Any CPU
		{C9DF9A6E-9E7E-4339-888E-CB432C585843}.Release|Any CPU.Build.0 = Release|Any CPU
		{D3C665FA-A685-49EB-827F-A40F73DFFD43}.Debug|Any CPU.ActiveCfg = Debug|Any CPU
		{D3C665FA-A685-49EB-827F-A40F73DFFD43}.Debug|Any CPU.Build.0 = Debug|Any CPU
		{D3C665FA-A685-49EB-827F-A40F73DFFD43}.Release|Any CPU.ActiveCfg = Release|Any CPU
		{D3C665FA-A685-49EB-827F-A40F73DFFD43}.Release|Any CPU.Build.0 = Release|Any CPU
		{38C0D7AC-EE96-427A-A23A-D7850761F48A}.Debug|Any CPU.ActiveCfg = Debug|Any CPU
		{38C0D7AC-EE96-427A-A23A-D7850761F48A}.Debug|Any CPU.Build.0 = Debug|Any CPU
		{38C0D7AC-EE96-427A-A23A-D7850761F48A}.Release|Any CPU.ActiveCfg = Release|Any CPU
		{38C0D7AC-EE96-427A-A23A-D7850761F48A}.Release|Any CPU.Build.0 = Release|Any CPU
		{2C78B8CA-95C7-4DFE-8473-C393EDB66200}.Debug|Any CPU.ActiveCfg = Debug|Any CPU
		{2C78B8CA-95C7-4DFE-8473-C393EDB66200}.Debug|Any CPU.Build.0 = Debug|Any CPU
		{2C78B8CA-95C7-4DFE-8473-C393EDB66200}.Release|Any CPU.ActiveCfg = Release|Any CPU
		{2C78B8CA-95C7-4DFE-8473-C393EDB66200}.Release|Any CPU.Build.0 = Release|Any CPU
		{34AAC8CF-5DD4-433B-BE6D-AB89466CB599}.Debug|Any CPU.ActiveCfg = Debug|Any CPU
		{34AAC8CF-5DD4-433B-BE6D-AB89466CB599}.Debug|Any CPU.Build.0 = Debug|Any CPU
		{34AAC8CF-5DD4-433B-BE6D-AB89466CB599}.Release|Any CPU.ActiveCfg = Release|Any CPU
		{34AAC8CF-5DD4-433B-BE6D-AB89466CB599}.Release|Any CPU.Build.0 = Release|Any CPU
		{A51482D2-ADBB-438D-BCDD-E9DBA123D6AA}.Debug|Any CPU.ActiveCfg = Debug|Any CPU
		{A51482D2-ADBB-438D-BCDD-E9DBA123D6AA}.Debug|Any CPU.Build.0 = Debug|Any CPU
		{A51482D2-ADBB-438D-BCDD-E9DBA123D6AA}.Release|Any CPU.ActiveCfg = Release|Any CPU
		{A51482D2-ADBB-438D-BCDD-E9DBA123D6AA}.Release|Any CPU.Build.0 = Release|Any CPU
	EndGlobalSection
	GlobalSection(SolutionProperties) = preSolution
		HideSolutionNode = FALSE
	EndGlobalSection
	GlobalSection(ExtensibilityGlobals) = postSolution
		SolutionGuid = {88FD1BBE-5B07-4596-B6A6-85CA14AE9131}
	EndGlobalSection
EndGlobal
