
Microsoft Visual Studio Solution File, Format Version 12.00
# Visual Studio Version 16
VisualStudioVersion = 16.0.31112.23
MinimumVisualStudioVersion = 10.0.40219.1
Project("{FAE04EC0-301F-11D3-BF4B-00C04F79EFBC}") = "Async", "Async\Async.csproj", "{BFDAD8FE-4130-4D5D-82AC-AAAC0D497D69}"
EndProject
Global
	GlobalSection(SolutionConfigurationPlatforms) = preSolution
		Debug|Any CPU = Debug|Any CPU
		Release|Any CPU = Release|Any CPU
	EndGlobalSection
	GlobalSection(ProjectConfigurationPlatforms) = postSolution
		{BFDAD8FE-4130-4D5D-82AC-AAAC0D497D69}.Debug|Any CPU.ActiveCfg = Debug|Any CPU
		{BFDAD8FE-4130-4D5D-82AC-AAAC0D497D69}.Debug|Any CPU.Build.0 = Debug|Any CPU
		{BFDAD8FE-4130-4D5D-82AC-AAAC0D497D69}.Release|Any CPU.ActiveCfg = Release|Any CPU
		{BFDAD8FE-4130-4D5D-82AC-AAAC0D497D69}.Release|Any CPU.Build.0 = Release|Any CPU
	EndGlobalSection
	GlobalSection(SolutionProperties) = preSolution
		HideSolutionNode = FALSE
	EndGlobalSection
	GlobalSection(ExtensibilityGlobals) = postSolution
		SolutionGuid = {88FD1BBE-5B07-4596-B6A6-85CA14AE9131}
	EndGlobalSection
EndGlobal
